
Microsoft Visual Studio Solution File, Format Version 12.00
# Visual Studio Version 16
VisualStudioVersion = 16.0.31613.86
MinimumVisualStudioVersion = 10.0.40219.1
Project("{FAE04EC0-301F-11D3-BF4B-00C04F79EFBC}") = "ETAPA2B", "ETAPA2B.csproj", "{3400440E-BD03-4CD2-AF61-0FC49A544FD0}"
EndProject
Global
	GlobalSection(SolutionConfigurationPlatforms) = preSolution
		Debug|Any CPU = Debug|Any CPU
		Release|Any CPU = Release|Any CPU
	EndGlobalSection
	GlobalSection(ProjectConfigurationPlatforms) = postSolution
		{3400440E-BD03-4CD2-AF61-0FC49A544FD0}.Debug|Any CPU.ActiveCfg = Debug|Any CPU
		{3400440E-BD03-4CD2-AF61-0FC49A544FD0}.Debug|Any CPU.Build.0 = Debug|Any CPU
		{3400440E-BD03-4CD2-AF61-0FC49A544FD0}.Release|Any CPU.ActiveCfg = Release|Any CPU
		{3400440E-BD03-4CD2-AF61-0FC49A544FD0}.Release|Any CPU.Build.0 = Release|Any CPU
	EndGlobalSection
	GlobalSection(SolutionProperties) = preSolution
		HideSolutionNode = FALSE
	EndGlobalSection
	GlobalSection(ExtensibilityGlobals) = postSolution
		SolutionGuid = {C15C538A-53F8-44D1-BEC9-6D33CC4D644F}
	EndGlobalSection
EndGlobal
